
Microsoft Visual Studio Solution File, Format Version 11.00
# Visual Studio 2010
Project("{E230F31A-A485-40E1-B4C1-A0B186A84DC3}") = "IpRangeToIpMask", "IpRangeToIpMask\IpRangeToIpMask.vcxproj", "{DFEB8EFA-1A15-4568-B8BE-77DFE3840631}"
EndProject
Global
	GlobalSection(SolutionConfigurationPlatforms) = preSolution
		Debug|Win32 = Debug|Win32
		Debug|x64 = Debug|x64
		Release|Win32 = Release|Win32
		Release|x64 = Release|x64
	EndGlobalSection
	GlobalSection(ProjectConfigurationPlatforms) = postSolution
		{DFEB8EFA-1A15-4568-B8BE-77DFE3840631}.Debug|Win32.ActiveCfg = Debug|Win32
		{DFEB8EFA-1A15-4568-B8BE-77DFE3840631}.Debug|Win32.Build.0 = Debug|Win32
		{DFEB8EFA-1A15-4568-B8BE-77DFE3840631}.Debug|x64.ActiveCfg = Debug|x64
		{DFEB8EFA-1A15-4568-B8BE-77DFE3840631}.Debug|x64.Build.0 = Debug|x64
		{DFEB8EFA-1A15-4568-B8BE-77DFE3840631}.Release|Win32.ActiveCfg = Release|Win32
		{DFEB8EFA-1A15-4568-B8BE-77DFE3840631}.Release|Win32.Build.0 = Release|Win32
		{DFEB8EFA-1A15-4568-B8BE-77DFE3840631}.Release|x64.ActiveCfg = Release|x64
		{DFEB8EFA-1A15-4568-B8BE-77DFE3840631}.Release|x64.Build.0 = Release|x64
	EndGlobalSection
	GlobalSection(SolutionProperties) = preSolution
		HideSolutionNode = FALSE
	EndGlobalSection
EndGlobal
